// !$*UTF8*$!
{
	archiveVersion = 1;
	classes = {
	};
	objectVersion = 39;
	objects = {
		AB085FB5095396E300EC67EF = {
			containerPortal = AB3F27C80952B9CA002C4F84;
			isa = PBXContainerItemProxy;
			proxyType = 1;
			remoteGlobalIDString = AB3AF5F408DEDABE00C0AA42;
			remoteInfo = engine;
		};
		AB085FB6095396E300EC67EF = {
			isa = PBXTargetDependency;
			name = "engine (from engine.xcode)";
			targetProxy = AB085FB5095396E300EC67EF;
		};
		AB3F27C00952B9AC002C4F84 = {
			children = (
				AB9E89310993976100CDF978,
				AB3F27C80952B9CA002C4F84,
				AB3F27D20952B9DD002C4F84,
				AB3F27DA0952BAA6002C4F84,
				AB3F27DC0952BAC6002C4F84,
				AB3F28230952BF3C002C4F84,
				AB3F28160952BE1E002C4F84,
			);
			isa = PBXGroup;
			refType = 4;
			sourceTree = "<group>";
		};
		AB3F27C20952B9AC002C4F84 = {
			buildSettings = {
				COPY_PHASE_STRIP = NO;
				GCC_OPTIMIZATION_LEVEL = 0;
			};
			isa = PBXBuildStyle;
			name = Development;
		};
		AB3F27C30952B9AC002C4F84 = {
			buildSettings = {
				COPY_PHASE_STRIP = YES;
				DEPLOYMENT_POSTPROCESSING = YES;
				GCC_OPTIMIZATION_LEVEL = s;
			};
			isa = PBXBuildStyle;
			name = Deployment;
		};
		AB3F27C40952B9AC002C4F84 = {
			buildSettings = {
			};
			buildStyles = (
				AB3F27C20952B9AC002C4F84,
				AB3F27C30952B9AC002C4F84,
			);
			hasScannedForEncodings = 0;
			isa = PBXProject;
			mainGroup = AB3F27C00952B9AC002C4F84;
			productRefGroup = AB3F28160952BE1E002C4F84;
			projectDirPath = "";
			projectReferences = (
				{
					ProductGroup = AB3F27CE0952B9D8002C4F84;
					ProjectRef = AB3F27C80952B9CA002C4F84;
				},
				{
					ProductGroup = AB9E894C0993977D00CDF978;
					ProjectRef = AB9E89310993976100CDF978;
				},
			);
			targets = (
				AB3F280E0952BDF3002C4F84,
				AB3F281F0952BE64002C4F84,
				AB3F28460952CCAA002C4F84,
			);
		};
		AB3F27C80952B9CA002C4F84 = {
			isa = PBXFileReference;
			lastKnownFileType = "wrapper.pb-project";
			name = engine.xcode;
			path = ../../build/osx/engine/engine.xcode;
			refType = 2;
			sourceTree = SOURCE_ROOT;
		};
		AB3F27CE0952B9D8002C4F84 = {
			children = (
				AB3F27CF0952B9D8002C4F84,
				AB3F27D00952B9D8002C4F84,
				AB3F27D10952B9D8002C4F84,
			);
			isa = PBXGroup;
			name = Products;
			refType = 4;
			sourceTree = "<group>";
		};
		AB3F27CF0952B9D8002C4F84 = {
			fileType = archive.ar;
			isa = PBXReferenceProxy;
			path = libengine.a;
			refType = 3;
			remoteRef = AB3F27D30952BA04002C4F84;
			sourceTree = BUILT_PRODUCTS_DIR;
		};
		AB3F27D00952B9D8002C4F84 = {
			fileType = archive.ar;
			isa = PBXReferenceProxy;
			path = libeditor.a;
			refType = 3;
			remoteRef = AB3F27D40952BA04002C4F84;
			sourceTree = BUILT_PRODUCTS_DIR;
		};
		AB3F27D10952B9D8002C4F84 = {
			fileType = archive.ar;
			isa = PBXReferenceProxy;
			path = libenginez.a;
			refType = 3;
			remoteRef = AB3F27D50952BA04002C4F84;
			sourceTree = BUILT_PRODUCTS_DIR;
		};
		AB3F27D20952B9DD002C4F84 = {
			children = (
				AB3F27D60952BA0A002C4F84,
				AB3F27D70952BA0A002C4F84,
			);
			isa = PBXGroup;
			name = engine;
			path = ../../build/osx/engine;
			refType = 2;
			sourceTree = SOURCE_ROOT;
		};
		AB3F27D30952BA04002C4F84 = {
			containerPortal = AB3F27C80952B9CA002C4F84;
			isa = PBXContainerItemProxy;
			proxyType = 2;
			remoteGlobalIDString = AB3AF5F508DEDABE00C0AA42;
			remoteInfo = engine;
		};
		AB3F27D40952BA04002C4F84 = {
			containerPortal = AB3F27C80952B9CA002C4F84;
			isa = PBXContainerItemProxy;
			proxyType = 2;
			remoteGlobalIDString = AB3AF9DE08DEE2CF00C0AA42;
			remoteInfo = editor;
		};
		AB3F27D50952BA04002C4F84 = {
			containerPortal = AB3F27C80952B9CA002C4F84;
			isa = PBXContainerItemProxy;
			proxyType = 2;
			remoteGlobalIDString = AB2B5C9708E6979600899067;
			remoteInfo = enginez;
		};
		AB3F27D60952BA0A002C4F84 = {
			isa = PBXFileReference;
			lastKnownFileType = archive.ar;
			name = libeditor.a;
			path = build/libeditor.a;
			refType = 4;
			sourceTree = "<group>";
		};
		AB3F27D70952BA0A002C4F84 = {
			isa = PBXFileReference;
			lastKnownFileType = archive.ar;
			name = libengine.a;
			path = build/libengine.a;
			refType = 4;
			sourceTree = "<group>";
		};
		AB3F27DA0952BAA6002C4F84 = {
			children = (
				AB3F27E00952BBBE002C4F84,
				AB3F27DE0952BBAC002C4F84,
				AB3F27DB0952BAC2002C4F84,
				AB3F28220952BE64002C4F84,
			);
			isa = PBXGroup;
			name = Editor;
			refType = 4;
			sourceTree = "<group>";
		};
		AB3F27DB0952BAC2002C4F84 = {
			children = (
				AB3F27FD0952BCB8002C4F84,
				AB3F27E20952BBEA002C4F84,
			);
			isa = PBXGroup;
			name = Sources;
			refType = 4;
			sourceTree = "<group>";
		};
		AB3F27DC0952BAC6002C4F84 = {
			children = (
				AB3F27DF0952BBAC002C4F84,
				AB3F27E10952BBBE002C4F84,
				AB3F27DD0952BACC002C4F84,
				AB3F28490952CCAA002C4F84,
			);
			isa = PBXGroup;
			name = Game;
			refType = 4;
			sourceTree = "<group>";
		};
		AB3F27DD0952BACC002C4F84 = {
			children = (
				AB3F27E30952BBF1002C4F84,
				AB3F286F0952CDDF002C4F84,
				AB3F286E0952CDCF002C4F84,
				AB3F27FE0952BCE5002C4F84,
				AB3F27FF0952BCE5002C4F84,
				AB3F28000952BCE5002C4F84,
				AB3F28010952BCE5002C4F84,
				AB3F28020952BCE5002C4F84,
				AB3F28030952BCE5002C4F84,
				AB3F28040952BCE5002C4F84,
				AB3F28050952BCE5002C4F84,
				AB3F28060952BCE5002C4F84,
				AB3F28070952BCE5002C4F84,
				AB3F28080952BCE5002C4F84,
				AB3F28090952BCE5002C4F84,
				AB9E89290993973800CDF978,
				AB3F280A0952BCE5002C4F84,
				AB3F280B0952BCE5002C4F84,
			);
			isa = PBXGroup;
			name = Sources;
			refType = 4;
			sourceTree = "<group>";
		};
		AB3F27DE0952BBAC002C4F84 = {
			isa = PBXFileReference;
			lastKnownFileType = wrapper.nib;
			path = build.osxmain.nib;
			refType = 2;
			sourceTree = SOURCE_ROOT;
		};
		AB3F27DF0952BBAC002C4F84 = {
			isa = PBXFileReference;
			lastKnownFileType = wrapper.nib;
			path = game.osxmain.nib;
			refType = 2;
			sourceTree = SOURCE_ROOT;
		};
		AB3F27E00952BBBE002C4F84 = {
			isa = PBXFileReference;
			lastKnownFileType = image.icns;
			name = build_icon.icns;
			path = ../rsrc/build_icon.icns;
			refType = 2;
			sourceTree = SOURCE_ROOT;
		};
		AB3F27E10952BBBE002C4F84 = {
			isa = PBXFileReference;
			lastKnownFileType = image.icns;
			name = game_icon.icns;
			path = /Users/jonof/ports/duke3d/rsrc/game_icon.icns;
			refType = 0;
			sourceTree = "<absolute>";
		};
		AB3F27E20952BBEA002C4F84 = {
			fileEncoding = 30;
			isa = PBXFileReference;
			lastKnownFileType = sourcecode.c.objc;
			path = build.osxmain.m;
			refType = 2;
			sourceTree = SOURCE_ROOT;
		};
		AB3F27E30952BBF1002C4F84 = {
			fileEncoding = 30;
			isa = PBXFileReference;
			lastKnownFileType = sourcecode.c.objc;
			path = game.osxmain.m;
			refType = 2;
			sourceTree = SOURCE_ROOT;
		};
		AB3F27FD0952BCB8002C4F84 = {
			fileEncoding = 30;
			isa = PBXFileReference;
			lastKnownFileType = sourcecode.c.c;
			name = astub.c;
			path = ../source/astub.c;
			refType = 2;
			sourceTree = SOURCE_ROOT;
		};
		AB3F27FE0952BCE5002C4F84 = {
			fileEncoding = 30;
			isa = PBXFileReference;
			lastKnownFileType = sourcecode.c.c;
			name = actors.c;
			path = ../source/actors.c;
			refType = 2;
			sourceTree = SOURCE_ROOT;
		};
		AB3F27FF0952BCE5002C4F84 = {
			fileEncoding = 30;
			isa = PBXFileReference;
			lastKnownFileType = sourcecode.c.c;
			name = config.c;
			path = ../source/config.c;
			refType = 2;
			sourceTree = SOURCE_ROOT;
		};
		AB3F28000952BCE5002C4F84 = {
			fileEncoding = 30;
			isa = PBXFileReference;
			lastKnownFileType = sourcecode.c.c;
			name = game.c;
			path = ../source/game.c;
			refType = 2;
			sourceTree = SOURCE_ROOT;
		};
		AB3F28010952BCE5002C4F84 = {
			fileEncoding = 30;
			isa = PBXFileReference;
			lastKnownFileType = sourcecode.c.c;
			name = gamedef.c;
			path = ../source/gamedef.c;
			refType = 2;
			sourceTree = SOURCE_ROOT;
		};
		AB3F28020952BCE5002C4F84 = {
			fileEncoding = 30;
			isa = PBXFileReference;
			lastKnownFileType = sourcecode.c.c;
			name = global.c;
			path = ../source/global.c;
			refType = 2;
			sourceTree = SOURCE_ROOT;
		};
		AB3F28030952BCE5002C4F84 = {
			fileEncoding = 30;
			isa = PBXFileReference;
			lastKnownFileType = sourcecode.c.c;
			name = menues.c;
			path = ../source/menues.c;
			refType = 2;
			sourceTree = SOURCE_ROOT;
		};
		AB3F28040952BCE5002C4F84 = {
			fileEncoding = 30;
			isa = PBXFileReference;
			lastKnownFileType = sourcecode.c.c;
			name = osdcmds.c;
			path = ../source/osdcmds.c;
			refType = 2;
			sourceTree = SOURCE_ROOT;
		};
		AB3F28050952BCE5002C4F84 = {
			fileEncoding = 30;
			isa = PBXFileReference;
			lastKnownFileType = sourcecode.c.c;
			name = osdfuncs.c;
			path = ../source/osdfuncs.c;
			refType = 2;
			sourceTree = SOURCE_ROOT;
		};
		AB3F28060952BCE5002C4F84 = {
			fileEncoding = 30;
			isa = PBXFileReference;
			lastKnownFileType = sourcecode.c.c;
			name = player.c;
			path = ../source/player.c;
			refType = 2;
			sourceTree = SOURCE_ROOT;
		};
		AB3F28070952BCE5002C4F84 = {
			fileEncoding = 30;
			isa = PBXFileReference;
			lastKnownFileType = sourcecode.c.c;
			name = premap.c;
			path = ../source/premap.c;
			refType = 2;
			sourceTree = SOURCE_ROOT;
		};
		AB3F28080952BCE5002C4F84 = {
			fileEncoding = 30;
			isa = PBXFileReference;
			lastKnownFileType = sourcecode.c.c;
			name = rts.c;
			path = ../source/rts.c;
			refType = 2;
			sourceTree = SOURCE_ROOT;
		};
		AB3F28090952BCE5002C4F84 = {
			fileEncoding = 30;
			isa = PBXFileReference;
			lastKnownFileType = sourcecode.c.c;
			name = sector.c;
			path = ../source/sector.c;
			refType = 2;
			sourceTree = SOURCE_ROOT;
		};
		AB3F280A0952BCE5002C4F84 = {
			fileEncoding = 30;
			isa = PBXFileReference;
			lastKnownFileType = sourcecode.c.c;
			name = sounds.c;
			path = ../source/sounds.c;
			refType = 2;
			sourceTree = SOURCE_ROOT;
		};
		AB3F280B0952BCE5002C4F84 = {
			fileEncoding = 30;
			isa = PBXFileReference;
			lastKnownFileType = sourcecode.c.c;
			name = testcd.c;
			path = ../source/testcd.c;
			refType = 2;
			sourceTree = SOURCE_ROOT;
		};
		AB3F280E0952BDF3002C4F84 = {
			buildPhases = (
			);
			buildSettings = {
				PRODUCT_NAME = All;
			};
			dependencies = (
				AB3F28850952CE61002C4F84,
				AB3F28870952CE61002C4F84,
			);
			isa = PBXAggregateTarget;
			name = All;
			productName = All;
		};
		AB3F28160952BE1E002C4F84 = {
			children = (
				AB3F28200952BE64002C4F84,
				AB3F28470952CCAA002C4F84,
			);
			isa = PBXGroup;
			name = Products;
			refType = 4;
			sourceTree = "<group>";
		};
		AB3F281C0952BE64002C4F84 = {
			buildActionMask = 2147483647;
			files = (
				AB3F282C0952BF89002C4F84,
				AB3F282D0952BF8C002C4F84,
			);
			isa = PBXResourcesBuildPhase;
			runOnlyForDeploymentPostprocessing = 0;
		};
		AB3F281D0952BE64002C4F84 = {
			buildActionMask = 2147483647;
			files = (
				AB3F282A0952BF83002C4F84,
				AB3F282B0952BF88002C4F84,
			);
			isa = PBXSourcesBuildPhase;
			runOnlyForDeploymentPostprocessing = 0;
		};
		AB3F281E0952BE64002C4F84 = {
			buildActionMask = 2147483647;
			files = (
				AB3F28260952BF5E002C4F84,
				AB3F28270952BF5E002C4F84,
				AB3F28290952BF6E002C4F84,
				AB3F282E0952BF93002C4F84,
				AB3F282F0952BF93002C4F84,
			);
			isa = PBXFrameworksBuildPhase;
			runOnlyForDeploymentPostprocessing = 0;
		};
		AB3F281F0952BE64002C4F84 = {
			buildPhases = (
				AB3F281C0952BE64002C4F84,
				AB3F281D0952BE64002C4F84,
				AB3F281E0952BE64002C4F84,
			);
			buildRules = (
			);
			buildSettings = {
				GCC_CHAR_IS_UNSIGNED_CHAR = YES;
				GCC_ENABLE_CPP_EXCEPTIONS = NO;
				GCC_ENABLE_CPP_RTTI = NO;
				GCC_PREPROCESSOR_DEFINITIONS = "SUPERBUILD POLYMOST USE_OPENGL DYNAMIC_OPENGL NOASM USE_A_C RENDERTYPESDL=1";
				HEADER_SEARCH_PATHS = "../../build/include ../source ../source/jmact";
				INFOPLIST_FILE = "build-Info.plist";
				INSTALL_PATH = "$(USER_APPS_DIR)";
				LIBRARY_SEARCH_PATHS = ../../build/osx/engine/build;
				OTHER_CFLAGS = "";
				OTHER_LDFLAGS = "";
				OTHER_REZFLAGS = "";
				PRODUCT_NAME = "Build Editor for JFDuke3D";
				SECTORDER_FLAGS = "";
				WARNING_CFLAGS = "-Wno-four-char-constants -Wno-unknown-pragmas";
			};
			dependencies = (
				AB3F28310952BFAC002C4F84,
				AB3F28330952BFAC002C4F84,
			);
			isa = PBXNativeTarget;
			name = editor;
			productName = editor;
			productReference = AB3F28200952BE64002C4F84;
			productSettingsXML = "<?xml version=\"1.0\" encoding=\"UTF-8\"?>
<!DOCTYPE plist PUBLIC \"-//Apple Computer//DTD PLIST 1.0//EN\" \"http://www.apple.com/DTDs/PropertyList-1.0.dtd\">
<plist version=\"1.0\">
<dict>
	<key>CFBundleDevelopmentRegion</key>
	<string>English</string>
	<key>CFBundleExecutable</key>
	<string>editor</string>
	<key>CFBundleIdentifier</key>
	<string>com.yourcompany.editor</string>
	<key>CFBundleInfoDictionaryVersion</key>
	<string>6.0</string>
	<key>CFBundlePackageType</key>
	<string>APPL</string>
	<key>CFBundleSignature</key>
	<string>????</string>
	<key>CFBundleVersion</key>
	<string>1.0</string>
	<key>NSMainNibFile</key>
	<string>MainMenu</string>
	<key>NSPrincipalClass</key>
	<string>NSApplication</string>
</dict>
</plist>
";
			productType = "com.apple.product-type.application";
		};
		AB3F28200952BE64002C4F84 = {
			explicitFileType = wrapper.application;
			includeInIndex = 0;
			isa = PBXFileReference;
			path = "Build Editor for JFDuke3D.app";
			refType = 3;
			sourceTree = BUILT_PRODUCTS_DIR;
		};
		AB3F28220952BE64002C4F84 = {
			isa = PBXFileReference;
			lastKnownFileType = text.xml;
			name = "build-Info.plist";
			path = "/Users/jonof/ports/duke3d/osx/build-Info.plist";
			refType = 0;
			sourceTree = "<absolute>";
		};
		AB3F28230952BF3C002C4F84 = {
			children = (
				AB9E896E099397A500CDF978,
				AB9E89330993977500CDF978,
				AB3F28280952BF6E002C4F84,
				AB3F28240952BF5E002C4F84,
				AB3F28250952BF5E002C4F84,
			);
			isa = PBXGroup;
			name = Frameworks;
			refType = 4;
			sourceTree = "<group>";
		};
		AB3F28240952BF5E002C4F84 = {
			isa = PBXFileReference;
			lastKnownFileType = wrapper.framework;
			name = AppKit.framework;
			path = /System/Library/Frameworks/AppKit.framework;
			refType = 0;
			sourceTree = "<absolute>";
		};
		AB3F28250952BF5E002C4F84 = {
			isa = PBXFileReference;
			lastKnownFileType = wrapper.framework;
			name = OpenGL.framework;
			path = /System/Library/Frameworks/OpenGL.framework;
			refType = 0;
			sourceTree = "<absolute>";
		};
		AB3F28260952BF5E002C4F84 = {
			fileRef = AB3F28240952BF5E002C4F84;
			isa = PBXBuildFile;
			settings = {
			};
		};
		AB3F28270952BF5E002C4F84 = {
			fileRef = AB3F28250952BF5E002C4F84;
			isa = PBXBuildFile;
			settings = {
			};
		};
		AB3F28280952BF6E002C4F84 = {
			isa = PBXFileReference;
			lastKnownFileType = wrapper.framework;
			name = SDL.framework;
			path = /Library/Frameworks/SDL.framework;
			refType = 0;
			sourceTree = "<absolute>";
		};
		AB3F28290952BF6E002C4F84 = {
			fileRef = AB3F28280952BF6E002C4F84;
			isa = PBXBuildFile;
			settings = {
			};
		};
		AB3F282A0952BF83002C4F84 = {
			fileRef = AB3F27FD0952BCB8002C4F84;
			isa = PBXBuildFile;
			settings = {
			};
		};
		AB3F282B0952BF88002C4F84 = {
			fileRef = AB3F27E20952BBEA002C4F84;
			isa = PBXBuildFile;
			settings = {
			};
		};
		AB3F282C0952BF89002C4F84 = {
			fileRef = AB3F27DE0952BBAC002C4F84;
			isa = PBXBuildFile;
			settings = {
			};
		};
		AB3F282D0952BF8C002C4F84 = {
			fileRef = AB3F27E00952BBBE002C4F84;
			isa = PBXBuildFile;
			settings = {
			};
		};
		AB3F282E0952BF93002C4F84 = {
			fileRef = AB3F27D60952BA0A002C4F84;
			isa = PBXBuildFile;
			settings = {
			};
		};
		AB3F282F0952BF93002C4F84 = {
			fileRef = AB3F27D70952BA0A002C4F84;
			isa = PBXBuildFile;
			settings = {
			};
		};
		AB3F28300952BFAC002C4F84 = {
			containerPortal = AB3F27C80952B9CA002C4F84;
			isa = PBXContainerItemProxy;
			proxyType = 1;
			remoteGlobalIDString = AB3AF5F408DEDABE00C0AA42;
			remoteInfo = engine;
		};
		AB3F28310952BFAC002C4F84 = {
			isa = PBXTargetDependency;
			name = "engine (from engine.xcode)";
			targetProxy = AB3F28300952BFAC002C4F84;
		};
		AB3F28320952BFAC002C4F84 = {
			containerPortal = AB3F27C80952B9CA002C4F84;
			isa = PBXContainerItemProxy;
			proxyType = 1;
			remoteGlobalIDString = AB3AF9DD08DEE2CF00C0AA42;
			remoteInfo = editor;
		};
		AB3F28330952BFAC002C4F84 = {
			isa = PBXTargetDependency;
			name = "editor (from engine.xcode)";
			targetProxy = AB3F28320952BFAC002C4F84;
		};
		AB3F28430952CCAA002C4F84 = {
			buildActionMask = 2147483647;
			files = (
				AB3F285B0952CDAB002C4F84,
				AB3F285C0952CDAD002C4F84,
			);
			isa = PBXResourcesBuildPhase;
			runOnlyForDeploymentPostprocessing = 0;
		};
		AB3F28440952CCAA002C4F84 = {
			buildActionMask = 2147483647;
			files = (
				AB3F285E0952CDB3002C4F84,
				AB3F28600952CDB5002C4F84,
				AB3F28610952CDB5002C4F84,
				AB3F28620952CDB5002C4F84,
				AB3F28630952CDB6002C4F84,
				AB3F28640952CDB6002C4F84,
				AB3F28650952CDB6002C4F84,
				AB3F28660952CDB7002C4F84,
				AB3F28670952CDB7002C4F84,
				AB3F28680952CDB7002C4F84,
				AB3F28690952CDB8002C4F84,
				AB3F286A0952CDB8002C4F84,
				AB3F286B0952CDB8002C4F84,
				AB3F286D0952CDB9002C4F84,
				AB3F287C0952CE35002C4F84,
				AB3F287D0952CE35002C4F84,
				AB3F287E0952CE35002C4F84,
				AB3F287F0952CE35002C4F84,
				AB3F28800952CE35002C4F84,
				AB3F28810952CE35002C4F84,
				AB3F28820952CE35002C4F84,
				AB3F28830952CE35002C4F84,
				AB9E892A0993973800CDF978,
			);
			isa = PBXSourcesBuildPhase;
			runOnlyForDeploymentPostprocessing = 0;
		};
		AB3F28450952CCAA002C4F84 = {
			buildActionMask = 2147483647;
			files = (
				AB3F285D0952CDAF002C4F84,
				AB3F28880952CE7B002C4F84,
				AB3F28890952CE7B002C4F84,
				AB3F288A0952CE7C002C4F84,
				AB9E89340993977500CDF978,
				AB9E896F099397A500CDF978,
			);
			isa = PBXFrameworksBuildPhase;
			runOnlyForDeploymentPostprocessing = 0;
		};
		AB3F28460952CCAA002C4F84 = {
			buildPhases = (
				AB3F28430952CCAA002C4F84,
				AB3F28440952CCAA002C4F84,
				AB3F28450952CCAA002C4F84,
				AB9E896D0993978900CDF978,
			);
			buildRules = (
			);
			buildSettings = {
				FRAMEWORK_SEARCH_PATHS = /Users/jonof/ports/jfaud/osx/build;
				GCC_CHAR_IS_UNSIGNED_CHAR = YES;
				GCC_ENABLE_CPP_EXCEPTIONS = NO;
				GCC_ENABLE_CPP_RTTI = NO;
				GCC_PREPROCESSOR_DEFINITIONS = "SUPERBUILD POLYMOST USE_OPENGL DYNAMIC_OPENGL NOASM USE_A_C RENDERTYPESDL=1";
				HEADER_SEARCH_PATHS = "../../build/include ../source ../source/jaudiolib ../source/jmact";
				INFOPLIST_FILE = "game-Info.plist";
				INSTALL_PATH = "$(USER_APPS_DIR)";
				LIBRARY_SEARCH_PATHS = ../../build/osx/engine/build;
				OTHER_CFLAGS = "";
				OTHER_LDFLAGS = "";
				OTHER_REZFLAGS = "";
				PRODUCT_NAME = JFDuke3D;
				SECTORDER_FLAGS = "";
				WARNING_CFLAGS = "-Wno-four-char-constants -Wno-unknown-pragmas";
			};
			dependencies = (
				AB085FB6095396E300EC67EF,
			);
			isa = PBXNativeTarget;
			name = game;
			productName = game;
			productReference = AB3F28470952CCAA002C4F84;
			productSettingsXML = "<?xml version=\"1.0\" encoding=\"UTF-8\"?>
<!DOCTYPE plist PUBLIC \"-//Apple Computer//DTD PLIST 1.0//EN\" \"http://www.apple.com/DTDs/PropertyList-1.0.dtd\">
<plist version=\"1.0\">
<dict>
	<key>CFBundleDevelopmentRegion</key>
	<string>English</string>
	<key>CFBundleExecutable</key>
	<string>game</string>
	<key>CFBundleIdentifier</key>
	<string>com.yourcompany.game</string>
	<key>CFBundleInfoDictionaryVersion</key>
	<string>6.0</string>
	<key>CFBundlePackageType</key>
	<string>APPL</string>
	<key>CFBundleSignature</key>
	<string>????</string>
	<key>CFBundleVersion</key>
	<string>1.0</string>
	<key>NSMainNibFile</key>
	<string>MainMenu</string>
	<key>NSPrincipalClass</key>
	<string>NSApplication</string>
</dict>
</plist>
";
			productType = "com.apple.product-type.application";
		};
		AB3F28470952CCAA002C4F84 = {
			explicitFileType = wrapper.application;
			includeInIndex = 0;
			isa = PBXFileReference;
			path = JFDuke3D.app;
			refType = 3;
			sourceTree = BUILT_PRODUCTS_DIR;
		};
		AB3F28490952CCAA002C4F84 = {
			isa = PBXFileReference;
			lastKnownFileType = text.xml;
			name = "game-Info.plist";
			path = "/Users/jonof/ports/duke3d/osx/game-Info.plist";
			refType = 0;
			sourceTree = "<absolute>";
		};
		AB3F285B0952CDAB002C4F84 = {
			fileRef = AB3F27DF0952BBAC002C4F84;
			isa = PBXBuildFile;
			settings = {
			};
		};
		AB3F285C0952CDAD002C4F84 = {
			fileRef = AB3F27E10952BBBE002C4F84;
			isa = PBXBuildFile;
			settings = {
			};
		};
		AB3F285D0952CDAF002C4F84 = {
			fileRef = AB3F27D70952BA0A002C4F84;
			isa = PBXBuildFile;
			settings = {
			};
		};
		AB3F285E0952CDB3002C4F84 = {
			fileRef = AB3F27FE0952BCE5002C4F84;
			isa = PBXBuildFile;
			settings = {
			};
		};
		AB3F28600952CDB5002C4F84 = {
			fileRef = AB3F27FF0952BCE5002C4F84;
			isa = PBXBuildFile;
			settings = {
			};
		};
		AB3F28610952CDB5002C4F84 = {
			fileRef = AB3F28000952BCE5002C4F84;
			isa = PBXBuildFile;
			settings = {
			};
		};
		AB3F28620952CDB5002C4F84 = {
			fileRef = AB3F27E30952BBF1002C4F84;
			isa = PBXBuildFile;
			settings = {
			};
		};
		AB3F28630952CDB6002C4F84 = {
			fileRef = AB3F28010952BCE5002C4F84;
			isa = PBXBuildFile;
			settings = {
			};
		};
		AB3F28640952CDB6002C4F84 = {
			fileRef = AB3F28020952BCE5002C4F84;
			isa = PBXBuildFile;
			settings = {
			};
		};
		AB3F28650952CDB6002C4F84 = {
			fileRef = AB3F28030952BCE5002C4F84;
			isa = PBXBuildFile;
			settings = {
			};
		};
		AB3F28660952CDB7002C4F84 = {
			fileRef = AB3F28040952BCE5002C4F84;
			isa = PBXBuildFile;
			settings = {
			};
		};
		AB3F28670952CDB7002C4F84 = {
			fileRef = AB3F28050952BCE5002C4F84;
			isa = PBXBuildFile;
			settings = {
			};
		};
		AB3F28680952CDB7002C4F84 = {
			fileRef = AB3F28060952BCE5002C4F84;
			isa = PBXBuildFile;
			settings = {
			};
		};
		AB3F28690952CDB8002C4F84 = {
			fileRef = AB3F28070952BCE5002C4F84;
			isa = PBXBuildFile;
			settings = {
			};
		};
		AB3F286A0952CDB8002C4F84 = {
			fileRef = AB3F28080952BCE5002C4F84;
			isa = PBXBuildFile;
			settings = {
			};
		};
		AB3F286B0952CDB8002C4F84 = {
			fileRef = AB3F28090952BCE5002C4F84;
			isa = PBXBuildFile;
			settings = {
			};
		};
		AB3F286D0952CDB9002C4F84 = {
			fileRef = AB3F280B0952BCE5002C4F84;
			isa = PBXBuildFile;
			settings = {
			};
		};
		AB3F286E0952CDCF002C4F84 = {
			children = (
				AB3F28740952CE35002C4F84,
				AB3F28750952CE35002C4F84,
				AB3F28760952CE35002C4F84,
				AB3F28770952CE35002C4F84,
				AB3F28780952CE35002C4F84,
				AB3F28790952CE35002C4F84,
				AB3F287A0952CE35002C4F84,
				AB3F287B0952CE35002C4F84,
			);
			isa = PBXGroup;
			name = jmact;
			refType = 4;
			sourceTree = "<group>";
		};
		AB3F286F0952CDDF002C4F84 = {
			children = (
				AB3F28700952CDFE002C4F84,
				AB3F28710952CDFE002C4F84,
			);
			isa = PBXGroup;
			name = jaudiolib;
			refType = 4;
			sourceTree = "<group>";
		};
		AB3F28700952CDFE002C4F84 = {
			fileEncoding = 30;
			isa = PBXFileReference;
			lastKnownFileType = sourcecode.c.c;
			name = audiolib_fxstub.c;
			path = ../source/jaudiolib/audiolib_fxstub.c;
			refType = 2;
			sourceTree = SOURCE_ROOT;
		};
		AB3F28710952CDFE002C4F84 = {
			fileEncoding = 30;
			isa = PBXFileReference;
			lastKnownFileType = sourcecode.c.c;
			name = audiolib_musicstub.c;
			path = ../source/jaudiolib/audiolib_musicstub.c;
			refType = 2;
			sourceTree = SOURCE_ROOT;
		};
		AB3F28740952CE35002C4F84 = {
			fileEncoding = 30;
			isa = PBXFileReference;
			lastKnownFileType = sourcecode.c.c;
			name = animlib.c;
			path = ../source/jmact/animlib.c;
			refType = 2;
			sourceTree = SOURCE_ROOT;
		};
		AB3F28750952CE35002C4F84 = {
			fileEncoding = 30;
			isa = PBXFileReference;
			lastKnownFileType = sourcecode.c.c;
			name = control.c;
			path = ../source/jmact/control.c;
			refType = 2;
			sourceTree = SOURCE_ROOT;
		};
		AB3F28760952CE35002C4F84 = {
			fileEncoding = 30;
			isa = PBXFileReference;
			lastKnownFileType = sourcecode.c.c;
			name = file_lib.c;
			path = ../source/jmact/file_lib.c;
			refType = 2;
			sourceTree = SOURCE_ROOT;
		};
		AB3F28770952CE35002C4F84 = {
			fileEncoding = 30;
			isa = PBXFileReference;
			lastKnownFileType = sourcecode.c.c;
			name = keyboard.c;
			path = ../source/jmact/keyboard.c;
			refType = 2;
			sourceTree = SOURCE_ROOT;
		};
		AB3F28780952CE35002C4F84 = {
			fileEncoding = 30;
			isa = PBXFileReference;
			lastKnownFileType = sourcecode.c.c;
			name = mathutil.c;
			path = ../source/jmact/mathutil.c;
			refType = 2;
			sourceTree = SOURCE_ROOT;
		};
		AB3F28790952CE35002C4F84 = {
			fileEncoding = 30;
			isa = PBXFileReference;
			lastKnownFileType = sourcecode.c.c;
			name = mouse.c;
			path = ../source/jmact/mouse.c;
			refType = 2;
			sourceTree = SOURCE_ROOT;
		};
		AB3F287A0952CE35002C4F84 = {
			fileEncoding = 30;
			isa = PBXFileReference;
			lastKnownFileType = sourcecode.c.c;
			name = scriplib.c;
			path = ../source/jmact/scriplib.c;
			refType = 2;
			sourceTree = SOURCE_ROOT;
		};
		AB3F287B0952CE35002C4F84 = {
			fileEncoding = 30;
			isa = PBXFileReference;
			lastKnownFileType = sourcecode.c.c;
			name = util_lib.c;
			path = ../source/jmact/util_lib.c;
			refType = 2;
			sourceTree = SOURCE_ROOT;
		};
		AB3F287C0952CE35002C4F84 = {
			fileRef = AB3F28740952CE35002C4F84;
			isa = PBXBuildFile;
			settings = {
			};
		};
		AB3F287D0952CE35002C4F84 = {
			fileRef = AB3F28750952CE35002C4F84;
			isa = PBXBuildFile;
			settings = {
			};
		};
		AB3F287E0952CE35002C4F84 = {
			fileRef = AB3F28760952CE35002C4F84;
			isa = PBXBuildFile;
			settings = {
			};
		};
		AB3F287F0952CE35002C4F84 = {
			fileRef = AB3F28770952CE35002C4F84;
			isa = PBXBuildFile;
			settings = {
			};
		};
		AB3F28800952CE35002C4F84 = {
			fileRef = AB3F28780952CE35002C4F84;
			isa = PBXBuildFile;
			settings = {
			};
		};
		AB3F28810952CE35002C4F84 = {
			fileRef = AB3F28790952CE35002C4F84;
			isa = PBXBuildFile;
			settings = {
			};
		};
		AB3F28820952CE35002C4F84 = {
			fileRef = AB3F287A0952CE35002C4F84;
			isa = PBXBuildFile;
			settings = {
			};
		};
		AB3F28830952CE35002C4F84 = {
			fileRef = AB3F287B0952CE35002C4F84;
			isa = PBXBuildFile;
			settings = {
			};
		};
		AB3F28840952CE61002C4F84 = {
			containerPortal = AB3F27C40952B9AC002C4F84;
			isa = PBXContainerItemProxy;
			proxyType = 1;
			remoteGlobalIDString = AB3F281F0952BE64002C4F84;
			remoteInfo = editor;
		};
		AB3F28850952CE61002C4F84 = {
			isa = PBXTargetDependency;
			target = AB3F281F0952BE64002C4F84;
			targetProxy = AB3F28840952CE61002C4F84;
		};
		AB3F28860952CE61002C4F84 = {
			containerPortal = AB3F27C40952B9AC002C4F84;
			isa = PBXContainerItemProxy;
			proxyType = 1;
			remoteGlobalIDString = AB3F28460952CCAA002C4F84;
			remoteInfo = game;
		};
		AB3F28870952CE61002C4F84 = {
			isa = PBXTargetDependency;
			target = AB3F28460952CCAA002C4F84;
			targetProxy = AB3F28860952CE61002C4F84;
		};
		AB3F28880952CE7B002C4F84 = {
			fileRef = AB3F28240952BF5E002C4F84;
			isa = PBXBuildFile;
			settings = {
			};
		};
		AB3F28890952CE7B002C4F84 = {
			fileRef = AB3F28250952BF5E002C4F84;
			isa = PBXBuildFile;
			settings = {
			};
		};
		AB3F288A0952CE7C002C4F84 = {
			fileRef = AB3F28280952BF6E002C4F84;
			isa = PBXBuildFile;
			settings = {
			};
		};
		AB9E89290993973800CDF978 = {
			fileEncoding = 30;
			isa = PBXFileReference;
			lastKnownFileType = sourcecode.cpp.cpp;
			name = jfaud_sounds.cpp;
			path = ../source/jfaud_sounds.cpp;
			refType = 2;
			sourceTree = SOURCE_ROOT;
		};
		AB9E892A0993973800CDF978 = {
			fileRef = AB9E89290993973800CDF978;
			isa = PBXBuildFile;
			settings = {
			};
		};
		AB9E89310993976100CDF978 = {
			isa = PBXFileReference;
			lastKnownFileType = "wrapper.pb-project";
			name = jfaud.xcode;
			path = ../../jfaud/osx/jfaud.xcode;
			refType = 2;
			sourceTree = SOURCE_ROOT;
		};
		AB9E89330993977500CDF978 = {
			isa = PBXFileReference;
			lastKnownFileType = wrapper.framework;
			name = OpenAL.framework;
			path = /Library/Frameworks/OpenAL.framework;
			refType = 0;
			sourceTree = "<absolute>";
		};
		AB9E89340993977500CDF978 = {
			fileRef = AB9E89330993977500CDF978;
			isa = PBXBuildFile;
			settings = {
			};
		};
		AB9E894C0993977D00CDF978 = {
			children = (
				AB9E894D0993977D00CDF978,
				AB9E894E0993977D00CDF978,
				AB9E894F0993977D00CDF978,
			);
			isa = PBXGroup;
			name = Products;
			refType = 4;
			sourceTree = "<group>";
		};
		AB9E894D0993977D00CDF978 = {
			fileType = wrapper.framework;
			isa = PBXReferenceProxy;
			path = jfaud.framework;
			refType = 3;
			remoteRef = AB9E8983099397BA00CDF978;
			sourceTree = BUILT_PRODUCTS_DIR;
		};
		AB9E894E0993977D00CDF978 = {
			fileType = archive.ar;
			isa = PBXReferenceProxy;
			path = libmpadec.a;
			refType = 3;
			remoteRef = AB9E8984099397BA00CDF978;
			sourceTree = BUILT_PRODUCTS_DIR;
		};
		AB9E894F0993977D00CDF978 = {
			fileType = wrapper.application;
			isa = PBXReferenceProxy;
			path = jfaudtest.app;
			refType = 3;
			remoteRef = AB9E8985099397BA00CDF978;
			sourceTree = BUILT_PRODUCTS_DIR;
		};
		AB9E896D0993978900CDF978 = {
			buildActionMask = 2147483647;
			dstPath = "";
			dstSubfolderSpec = 10;
			files = (
				AB9E8982099397B100CDF978,
			);
			isa = PBXCopyFilesBuildPhase;
			runOnlyForDeploymentPostprocessing = 0;
		};
		AB9E896E099397A500CDF978 = {
			isa = PBXFileReference;
			lastKnownFileType = wrapper.framework;
			name = jfaud.framework;
			path = /Users/jonof/ports/jfaud/osx/build/jfaud.framework;
			refType = 0;
			sourceTree = "<absolute>";
		};
		AB9E896F099397A500CDF978 = {
			fileRef = AB9E896E099397A500CDF978;
			isa = PBXBuildFile;
			settings = {
			};
		};
		AB9E8982099397B100CDF978 = {
			fileRef = AB9E896E099397A500CDF978;
			isa = PBXBuildFile;
			settings = {
			};
		};
		AB9E8983099397BA00CDF978 = {
			containerPortal = AB9E89310993976100CDF978;
			isa = PBXContainerItemProxy;
			proxyType = 2;
			remoteGlobalIDString = 8DC2EF5B0486A6940098B216;
			remoteInfo = jfaud;
		};
		AB9E8984099397BA00CDF978 = {
			containerPortal = AB9E89310993976100CDF978;
			isa = PBXContainerItemProxy;
			proxyType = 2;
			remoteGlobalIDString = ABE7399C095277C50040A74A;
			remoteInfo = mpadec;
		};
		AB9E8985099397BA00CDF978 = {
			containerPortal = AB9E89310993976100CDF978;
			isa = PBXContainerItemProxy;
			proxyType = 2;
			remoteGlobalIDString = ABE7394E09526A5B0040A74A;
			remoteInfo = jfaudtest;
		};
	};
	rootObject = AB3F27C40952B9AC002C4F84;
}
