// !$*UTF8*$!
{
	archiveVersion = 1;
	classes = {
	};
	objectVersion = 46;
	objects = {

/* Begin PBXAggregateTarget section */
		AB98B2D61A69FD42009E8749 /* all */ = {
			isa = PBXAggregateTarget;
			buildConfigurationList = AB98B2D71A69FD42009E8749 /* Build configuration list for PBXAggregateTarget "all" */;
			buildPhases = (
			);
			dependencies = (
				AB98B2DB1A69FD68009E8749 /* PBXTargetDependency */,
				AB98B2DD1A69FD68009E8749 /* PBXTargetDependency */,
			);
			name = all;
			productName = all;
		};
/* End PBXAggregateTarget section */

/* Begin PBXBuildFile section */
		AB0FFB84172B989100400B2B /* libengine.a in Frameworks */ = {isa = PBXBuildFile; fileRef = AB0FFB6A172B981400400B2B /* libengine.a */; };
		AB0FFB85172B98A400400B2B /* libjfaudiolib.a in Frameworks */ = {isa = PBXBuildFile; fileRef = AB0FFB57172B97FD00400B2B /* libjfaudiolib.a */; };
		AB0FFB8C172B98B500400B2B /* libengine.a in Frameworks */ = {isa = PBXBuildFile; fileRef = AB0FFB6A172B981400400B2B /* libengine.a */; };
		AB0FFB8D172B98B500400B2B /* libeditor.a in Frameworks */ = {isa = PBXBuildFile; fileRef = AB0FFB6C172B981400400B2B /* libeditor.a */; };
		AB0FFB8E172B98B500400B2B /* libeditorsupp.a in Frameworks */ = {isa = PBXBuildFile; fileRef = AB0FFB6E172B981400400B2B /* libeditorsupp.a */; };
		AB1DE7F610199FD200657779 /* GameListSource.m in Sources */ = {isa = PBXBuildFile; fileRef = AB1DE7F510199FD200657779 /* GameListSource.m */; };
		AB23F52017355B2B002B565F /* AudioToolbox.framework in Frameworks */ = {isa = PBXBuildFile; fileRef = AB23F51F17355B2B002B565F /* AudioToolbox.framework */; };
		AB23F54517355B72002B565F /* AudioUnit.framework in Frameworks */ = {isa = PBXBuildFile; fileRef = AB2EA11F1012195E00DD2F1F /* AudioUnit.framework */; };
		AB2EA109101215AE00DD2F1F /* sounds.c in Sources */ = {isa = PBXBuildFile; fileRef = AB2EA108101215AE00DD2F1F /* sounds.c */; };
		AB30FFF81BE47EBF00FACA0E /* Images.xcassets in Resources */ = {isa = PBXBuildFile; fileRef = AB7AF6141BE46EDC00935B15 /* Images.xcassets */; };
		AB69BD220A73C36100F3DCB8 /* actors.c in Sources */ = {isa = PBXBuildFile; fileRef = AB69BD120A73C36100F3DCB8 /* actors.c */; };
		AB69BD230A73C36100F3DCB8 /* config.c in Sources */ = {isa = PBXBuildFile; fileRef = AB69BD130A73C36100F3DCB8 /* config.c */; };
		AB69BD240A73C36100F3DCB8 /* game.c in Sources */ = {isa = PBXBuildFile; fileRef = AB69BD140A73C36100F3DCB8 /* game.c */; };
		AB69BD250A73C36100F3DCB8 /* gamedef.c in Sources */ = {isa = PBXBuildFile; fileRef = AB69BD150A73C36100F3DCB8 /* gamedef.c */; };
		AB69BD260A73C36100F3DCB8 /* global.c in Sources */ = {isa = PBXBuildFile; fileRef = AB69BD160A73C36100F3DCB8 /* global.c */; };
		AB69BD270A73C36100F3DCB8 /* grpscan.c in Sources */ = {isa = PBXBuildFile; fileRef = AB69BD170A73C36100F3DCB8 /* grpscan.c */; };
		AB69BD290A73C36100F3DCB8 /* menues.c in Sources */ = {isa = PBXBuildFile; fileRef = AB69BD190A73C36100F3DCB8 /* menues.c */; };
		AB69BD2A0A73C36100F3DCB8 /* osdcmds.c in Sources */ = {isa = PBXBuildFile; fileRef = AB69BD1A0A73C36100F3DCB8 /* osdcmds.c */; };
		AB69BD2B0A73C36100F3DCB8 /* osdfuncs.c in Sources */ = {isa = PBXBuildFile; fileRef = AB69BD1B0A73C36100F3DCB8 /* osdfuncs.c */; };
		AB69BD2C0A73C36100F3DCB8 /* player.c in Sources */ = {isa = PBXBuildFile; fileRef = AB69BD1C0A73C36100F3DCB8 /* player.c */; };
		AB69BD2D0A73C36100F3DCB8 /* premap.c in Sources */ = {isa = PBXBuildFile; fileRef = AB69BD1D0A73C36100F3DCB8 /* premap.c */; };
		AB69BD2E0A73C36100F3DCB8 /* rts.c in Sources */ = {isa = PBXBuildFile; fileRef = AB69BD1E0A73C36100F3DCB8 /* rts.c */; };
		AB69BD2F0A73C36100F3DCB8 /* sector.c in Sources */ = {isa = PBXBuildFile; fileRef = AB69BD1F0A73C36100F3DCB8 /* sector.c */; };
		AB69BD370A73C3EC00F3DCB8 /* startwin.game.nib in Resources */ = {isa = PBXBuildFile; fileRef = AB69BD340A73C3EC00F3DCB8 /* startwin.game.nib */; };
		AB7AF6151BE46EDC00935B15 /* Images.xcassets in Resources */ = {isa = PBXBuildFile; fileRef = AB7AF6141BE46EDC00935B15 /* Images.xcassets */; };
		ABB4AAD20C64BD9E00F28920 /* SDL2.framework in CopyFiles */ = {isa = PBXBuildFile; fileRef = ABD769030A73CBDE006C27C1 /* SDL2.framework */; };
		ABB4AAD70C64BDC400F28920 /* SDL2.framework in CopyFiles */ = {isa = PBXBuildFile; fileRef = ABD769030A73CBDE006C27C1 /* SDL2.framework */; };
		ABD768EC0A73CB63006C27C1 /* animlib.c in Sources */ = {isa = PBXBuildFile; fileRef = ABD768DA0A73CB63006C27C1 /* animlib.c */; };
		ABD768ED0A73CB63006C27C1 /* control.c in Sources */ = {isa = PBXBuildFile; fileRef = ABD768DC0A73CB63006C27C1 /* control.c */; };
		ABD768EE0A73CB63006C27C1 /* file_lib.c in Sources */ = {isa = PBXBuildFile; fileRef = ABD768DF0A73CB63006C27C1 /* file_lib.c */; };
		ABD768EF0A73CB63006C27C1 /* keyboard.c in Sources */ = {isa = PBXBuildFile; fileRef = ABD768E10A73CB63006C27C1 /* keyboard.c */; };
		ABD768F00A73CB63006C27C1 /* mathutil.c in Sources */ = {isa = PBXBuildFile; fileRef = ABD768E30A73CB63006C27C1 /* mathutil.c */; };
		ABD768F10A73CB63006C27C1 /* mouse.c in Sources */ = {isa = PBXBuildFile; fileRef = ABD768E50A73CB63006C27C1 /* mouse.c */; };
		ABD768F20A73CB63006C27C1 /* scriplib.c in Sources */ = {isa = PBXBuildFile; fileRef = ABD768E70A73CB63006C27C1 /* scriplib.c */; };
		ABD768F30A73CB63006C27C1 /* util_lib.c in Sources */ = {isa = PBXBuildFile; fileRef = ABD768EA0A73CB63006C27C1 /* util_lib.c */; };
		ABD769040A73CBDE006C27C1 /* SDL2.framework in Frameworks */ = {isa = PBXBuildFile; fileRef = ABD769030A73CBDE006C27C1 /* SDL2.framework */; };
		ABD769180A73CDF6006C27C1 /* StartupWinController.m in Sources */ = {isa = PBXBuildFile; fileRef = ABD769170A73CDF6006C27C1 /* StartupWinController.m */; };
		ABD769310A73CE6D006C27C1 /* AppKit.framework in Frameworks */ = {isa = PBXBuildFile; fileRef = ABD769300A73CE6D006C27C1 /* AppKit.framework */; };
		ABD769730A73D164006C27C1 /* startwin.editor.nib in Resources */ = {isa = PBXBuildFile; fileRef = ABD769700A73D164006C27C1 /* startwin.editor.nib */; };
		ABD769750A73D17A006C27C1 /* astub.c in Sources */ = {isa = PBXBuildFile; fileRef = ABD769740A73D17A006C27C1 /* astub.c */; };
		ABD76A1F0A73D1A5006C27C1 /* AppKit.framework in Frameworks */ = {isa = PBXBuildFile; fileRef = ABD769300A73CE6D006C27C1 /* AppKit.framework */; };
		ABD76A200A73D1A6006C27C1 /* SDL2.framework in Frameworks */ = {isa = PBXBuildFile; fileRef = ABD769030A73CBDE006C27C1 /* SDL2.framework */; };
/* End PBXBuildFile section */

/* Begin PBXContainerItemProxy section */
		AB0FFB56172B97FD00400B2B /* PBXContainerItemProxy */ = {
			isa = PBXContainerItemProxy;
			containerPortal = AB2EA0F21012147800DD2F1F /* jfaudiolib.xcodeproj */;
			proxyType = 2;
			remoteGlobalIDString = AB2E9E421011E61700DD2F1F;
			remoteInfo = jfaudiolib;
		};
		AB0FFB58172B97FD00400B2B /* PBXContainerItemProxy */ = {
			isa = PBXContainerItemProxy;
			containerPortal = AB2EA0F21012147800DD2F1F /* jfaudiolib.xcodeproj */;
			proxyType = 2;
			remoteGlobalIDString = AB32FA7F1077102D00A9BAFF;
			remoteInfo = test;
		};
		AB0FFB69172B981400400B2B /* PBXContainerItemProxy */ = {
			isa = PBXContainerItemProxy;
			containerPortal = AB69BD500A73C45700F3DCB8 /* engine.xcodeproj */;
			proxyType = 2;
			remoteGlobalIDString = AB735F490A29A2DC003261DC;
			remoteInfo = engine;
		};
		AB0FFB6B172B981400400B2B /* PBXContainerItemProxy */ = {
			isa = PBXContainerItemProxy;
			containerPortal = AB69BD500A73C45700F3DCB8 /* engine.xcodeproj */;
			proxyType = 2;
			remoteGlobalIDString = AB735FCC0A29A916003261DC;
			remoteInfo = editor;
		};
		AB0FFB6D172B981400400B2B /* PBXContainerItemProxy */ = {
			isa = PBXContainerItemProxy;
			containerPortal = AB69BD500A73C45700F3DCB8 /* engine.xcodeproj */;
			proxyType = 2;
			remoteGlobalIDString = AB3FE4550C04336F00D5DBDC;
			remoteInfo = editorsupp;
		};
		AB0FFB6F172B981400400B2B /* PBXContainerItemProxy */ = {
			isa = PBXContainerItemProxy;
			containerPortal = AB69BD500A73C45700F3DCB8 /* engine.xcodeproj */;
			proxyType = 2;
			remoteGlobalIDString = ABAE9AD20F0B307500A528DC;
			remoteInfo = arttool;
		};
		AB0FFB71172B981400400B2B /* PBXContainerItemProxy */ = {
			isa = PBXContainerItemProxy;
			containerPortal = AB69BD500A73C45700F3DCB8 /* engine.xcodeproj */;
			proxyType = 2;
			remoteGlobalIDString = ABAE9C2E0F0CC80200A528DC;
			remoteInfo = kextract;
		};
		AB0FFB73172B981400400B2B /* PBXContainerItemProxy */ = {
			isa = PBXContainerItemProxy;
			containerPortal = AB69BD500A73C45700F3DCB8 /* engine.xcodeproj */;
			proxyType = 2;
			remoteGlobalIDString = ABAE9C390F0CC81900A528DC;
			remoteInfo = kgroup;
		};
		AB0FFB78172B984C00400B2B /* PBXContainerItemProxy */ = {
			isa = PBXContainerItemProxy;
			containerPortal = AB69BD500A73C45700F3DCB8 /* engine.xcodeproj */;
			proxyType = 1;
			remoteGlobalIDString = AB735F480A29A2DC003261DC;
			remoteInfo = engine;
		};
		AB0FFB7A172B984C00400B2B /* PBXContainerItemProxy */ = {
			isa = PBXContainerItemProxy;
			containerPortal = AB2EA0F21012147800DD2F1F /* jfaudiolib.xcodeproj */;
			proxyType = 1;
			remoteGlobalIDString = AB2E9E411011E61600DD2F1F;
			remoteInfo = jfaudiolib;
		};
		AB0FFB86172B98AD00400B2B /* PBXContainerItemProxy */ = {
			isa = PBXContainerItemProxy;
			containerPortal = AB69BD500A73C45700F3DCB8 /* engine.xcodeproj */;
			proxyType = 1;
			remoteGlobalIDString = AB735F480A29A2DC003261DC;
			remoteInfo = engine;
		};
		AB0FFB88172B98AD00400B2B /* PBXContainerItemProxy */ = {
			isa = PBXContainerItemProxy;
			containerPortal = AB69BD500A73C45700F3DCB8 /* engine.xcodeproj */;
			proxyType = 1;
			remoteGlobalIDString = AB735FCB0A29A916003261DC;
			remoteInfo = editor;
		};
		AB0FFB8A172B98AD00400B2B /* PBXContainerItemProxy */ = {
			isa = PBXContainerItemProxy;
			containerPortal = AB69BD500A73C45700F3DCB8 /* engine.xcodeproj */;
			proxyType = 1;
			remoteGlobalIDString = AB3FE44A0C04336F00D5DBDC;
			remoteInfo = editorsupp;
		};
		AB98B2D31A69FC60009E8749 /* PBXContainerItemProxy */ = {
			isa = PBXContainerItemProxy;
			containerPortal = AB69BD500A73C45700F3DCB8 /* engine.xcodeproj */;
			proxyType = 2;
			remoteGlobalIDString = ABD03E211A5189E00012B9D1;
			remoteInfo = transpal;
		};
		AB98B2DA1A69FD68009E8749 /* PBXContainerItemProxy */ = {
			isa = PBXContainerItemProxy;
			containerPortal = AB69BCF50A73C1A800F3DCB8 /* Project object */;
			proxyType = 1;
			remoteGlobalIDString = AB69BD040A73C21E00F3DCB8;
			remoteInfo = JFDuke3D;
		};
		AB98B2DC1A69FD68009E8749 /* PBXContainerItemProxy */ = {
			isa = PBXContainerItemProxy;
			containerPortal = AB69BCF50A73C1A800F3DCB8 /* Project object */;
			proxyType = 1;
			remoteGlobalIDString = ABD7695D0A73D116006C27C1;
			remoteInfo = "Build Editor for JFDuke3D";
		};
/* End PBXContainerItemProxy section */

/* Begin PBXCopyFilesBuildPhase section */
		ABB4AAD50C64BDC000F28920 /* CopyFiles */ = {
			isa = PBXCopyFilesBuildPhase;
			buildActionMask = 2147483647;
			dstPath = "";
			dstSubfolderSpec = 10;
			files = (
				ABB4AAD70C64BDC400F28920 /* SDL2.framework in CopyFiles */,
			);
			runOnlyForDeploymentPostprocessing = 0;
		};
		ABD7692C0A73CE49006C27C1 /* CopyFiles */ = {
			isa = PBXCopyFilesBuildPhase;
			buildActionMask = 2147483647;
			dstPath = "";
			dstSubfolderSpec = 10;
			files = (
				ABB4AAD20C64BD9E00F28920 /* SDL2.framework in CopyFiles */,
			);
			runOnlyForDeploymentPostprocessing = 0;
		};
/* End PBXCopyFilesBuildPhase section */

/* Begin PBXFileReference section */
		AB1DE7F410199FD200657779 /* GameListSource.h */ = {isa = PBXFileReference; fileEncoding = 4; lastKnownFileType = sourcecode.c.h; path = GameListSource.h; sourceTree = "<group>"; };
		AB1DE7F510199FD200657779 /* GameListSource.m */ = {isa = PBXFileReference; fileEncoding = 4; lastKnownFileType = sourcecode.c.objc; path = GameListSource.m; sourceTree = "<group>"; };
		AB23F51F17355B2B002B565F /* AudioToolbox.framework */ = {isa = PBXFileReference; lastKnownFileType = wrapper.framework; name = AudioToolbox.framework; path = /System/Library/Frameworks/AudioToolbox.framework; sourceTree = "<absolute>"; };
		AB2EA0F21012147800DD2F1F /* jfaudiolib.xcodeproj */ = {isa = PBXFileReference; lastKnownFileType = "wrapper.pb-project"; name = jfaudiolib.xcodeproj; path = ../jfaudiolib/jfaudiolib.xcodeproj; sourceTree = SOURCE_ROOT; };
		AB2EA108101215AE00DD2F1F /* sounds.c */ = {isa = PBXFileReference; fileEncoding = 4; lastKnownFileType = sourcecode.c.c; path = sounds.c; sourceTree = "<group>"; };
		AB2EA11F1012195E00DD2F1F /* AudioUnit.framework */ = {isa = PBXFileReference; lastKnownFileType = wrapper.framework; name = AudioUnit.framework; path = /System/Library/Frameworks/AudioUnit.framework; sourceTree = "<absolute>"; };
		AB69BD050A73C21E00F3DCB8 /* JFDuke3D.app */ = {isa = PBXFileReference; explicitFileType = wrapper.application; includeInIndex = 0; path = JFDuke3D.app; sourceTree = BUILT_PRODUCTS_DIR; };
		AB69BD080A73C21E00F3DCB8 /* JFDuke3D-Info.plist */ = {isa = PBXFileReference; lastKnownFileType = text.plist.xml; path = "JFDuke3D-Info.plist"; sourceTree = "<group>"; };
		AB69BD120A73C36100F3DCB8 /* actors.c */ = {isa = PBXFileReference; fileEncoding = 4; lastKnownFileType = sourcecode.c.c; path = actors.c; sourceTree = "<group>"; };
		AB69BD130A73C36100F3DCB8 /* config.c */ = {isa = PBXFileReference; fileEncoding = 4; lastKnownFileType = sourcecode.c.c; path = config.c; sourceTree = "<group>"; };
		AB69BD140A73C36100F3DCB8 /* game.c */ = {isa = PBXFileReference; fileEncoding = 4; lastKnownFileType = sourcecode.c.c; path = game.c; sourceTree = "<group>"; };
		AB69BD150A73C36100F3DCB8 /* gamedef.c */ = {isa = PBXFileReference; fileEncoding = 4; lastKnownFileType = sourcecode.c.c; path = gamedef.c; sourceTree = "<group>"; };
		AB69BD160A73C36100F3DCB8 /* global.c */ = {isa = PBXFileReference; fileEncoding = 4; lastKnownFileType = sourcecode.c.c; path = global.c; sourceTree = "<group>"; };
		AB69BD170A73C36100F3DCB8 /* grpscan.c */ = {isa = PBXFileReference; fileEncoding = 4; lastKnownFileType = sourcecode.c.c; path = grpscan.c; sourceTree = "<group>"; };
		AB69BD190A73C36100F3DCB8 /* menues.c */ = {isa = PBXFileReference; fileEncoding = 4; lastKnownFileType = sourcecode.c.c; path = menues.c; sourceTree = "<group>"; };
		AB69BD1A0A73C36100F3DCB8 /* osdcmds.c */ = {isa = PBXFileReference; fileEncoding = 4; lastKnownFileType = sourcecode.c.c; path = osdcmds.c; sourceTree = "<group>"; };
		AB69BD1B0A73C36100F3DCB8 /* osdfuncs.c */ = {isa = PBXFileReference; fileEncoding = 4; lastKnownFileType = sourcecode.c.c; path = osdfuncs.c; sourceTree = "<group>"; };
		AB69BD1C0A73C36100F3DCB8 /* player.c */ = {isa = PBXFileReference; fileEncoding = 4; lastKnownFileType = sourcecode.c.c; path = player.c; sourceTree = "<group>"; };
		AB69BD1D0A73C36100F3DCB8 /* premap.c */ = {isa = PBXFileReference; fileEncoding = 4; lastKnownFileType = sourcecode.c.c; path = premap.c; sourceTree = "<group>"; };
		AB69BD1E0A73C36100F3DCB8 /* rts.c */ = {isa = PBXFileReference; fileEncoding = 4; lastKnownFileType = sourcecode.c.c; path = rts.c; sourceTree = "<group>"; };
		AB69BD1F0A73C36100F3DCB8 /* sector.c */ = {isa = PBXFileReference; fileEncoding = 4; lastKnownFileType = sourcecode.c.c; path = sector.c; sourceTree = "<group>"; };
		AB69BD340A73C3EC00F3DCB8 /* startwin.game.nib */ = {isa = PBXFileReference; lastKnownFileType = wrapper.nib; path = startwin.game.nib; sourceTree = "<group>"; };
		AB69BD500A73C45700F3DCB8 /* engine.xcodeproj */ = {isa = PBXFileReference; lastKnownFileType = "wrapper.pb-project"; name = engine.xcodeproj; path = ../jfbuild/xcode/engine.xcodeproj; sourceTree = SOURCE_ROOT; };
		AB7AF6141BE46EDC00935B15 /* Images.xcassets */ = {isa = PBXFileReference; lastKnownFileType = folder.assetcatalog; path = Images.xcassets; sourceTree = "<group>"; };
		ABD768D80A73CB63006C27C1 /* _control.h */ = {isa = PBXFileReference; fileEncoding = 4; lastKnownFileType = sourcecode.c.h; path = _control.h; sourceTree = "<group>"; };
		ABD768D90A73CB63006C27C1 /* _scrplib.h */ = {isa = PBXFileReference; fileEncoding = 4; lastKnownFileType = sourcecode.c.h; path = _scrplib.h; sourceTree = "<group>"; };
		ABD768DA0A73CB63006C27C1 /* animlib.c */ = {isa = PBXFileReference; fileEncoding = 4; lastKnownFileType = sourcecode.c.c; path = animlib.c; sourceTree = "<group>"; };
		ABD768DB0A73CB63006C27C1 /* animlib.h */ = {isa = PBXFileReference; fileEncoding = 4; lastKnownFileType = sourcecode.c.h; path = animlib.h; sourceTree = "<group>"; };
		ABD768DC0A73CB63006C27C1 /* control.c */ = {isa = PBXFileReference; fileEncoding = 4; lastKnownFileType = sourcecode.c.c; path = control.c; sourceTree = "<group>"; };
		ABD768DD0A73CB63006C27C1 /* control.h */ = {isa = PBXFileReference; fileEncoding = 4; lastKnownFileType = sourcecode.c.h; path = control.h; sourceTree = "<group>"; };
		ABD768DE0A73CB63006C27C1 /* develop.h */ = {isa = PBXFileReference; fileEncoding = 4; lastKnownFileType = sourcecode.c.h; path = develop.h; sourceTree = "<group>"; };
		ABD768DF0A73CB63006C27C1 /* file_lib.c */ = {isa = PBXFileReference; fileEncoding = 4; lastKnownFileType = sourcecode.c.c; path = file_lib.c; sourceTree = "<group>"; };
		ABD768E00A73CB63006C27C1 /* file_lib.h */ = {isa = PBXFileReference; fileEncoding = 4; lastKnownFileType = sourcecode.c.h; path = file_lib.h; sourceTree = "<group>"; };
		ABD768E10A73CB63006C27C1 /* keyboard.c */ = {isa = PBXFileReference; fileEncoding = 4; lastKnownFileType = sourcecode.c.c; path = keyboard.c; sourceTree = "<group>"; };
		ABD768E20A73CB63006C27C1 /* keyboard.h */ = {isa = PBXFileReference; fileEncoding = 4; lastKnownFileType = sourcecode.c.h; path = keyboard.h; sourceTree = "<group>"; };
		ABD768E30A73CB63006C27C1 /* mathutil.c */ = {isa = PBXFileReference; fileEncoding = 4; lastKnownFileType = sourcecode.c.c; path = mathutil.c; sourceTree = "<group>"; };
		ABD768E40A73CB63006C27C1 /* mathutil.h */ = {isa = PBXFileReference; fileEncoding = 4; lastKnownFileType = sourcecode.c.h; path = mathutil.h; sourceTree = "<group>"; };
		ABD768E50A73CB63006C27C1 /* mouse.c */ = {isa = PBXFileReference; fileEncoding = 4; lastKnownFileType = sourcecode.c.c; path = mouse.c; sourceTree = "<group>"; };
		ABD768E60A73CB63006C27C1 /* mouse.h */ = {isa = PBXFileReference; fileEncoding = 4; lastKnownFileType = sourcecode.c.h; path = mouse.h; sourceTree = "<group>"; };
		ABD768E70A73CB63006C27C1 /* scriplib.c */ = {isa = PBXFileReference; fileEncoding = 4; lastKnownFileType = sourcecode.c.c; path = scriplib.c; sourceTree = "<group>"; };
		ABD768E80A73CB63006C27C1 /* scriplib.h */ = {isa = PBXFileReference; fileEncoding = 4; lastKnownFileType = sourcecode.c.h; path = scriplib.h; sourceTree = "<group>"; };
		ABD768E90A73CB63006C27C1 /* types.h */ = {isa = PBXFileReference; fileEncoding = 4; lastKnownFileType = sourcecode.c.h; path = types.h; sourceTree = "<group>"; };
		ABD768EA0A73CB63006C27C1 /* util_lib.c */ = {isa = PBXFileReference; fileEncoding = 4; lastKnownFileType = sourcecode.c.c; path = util_lib.c; sourceTree = "<group>"; };
		ABD768EB0A73CB63006C27C1 /* util_lib.h */ = {isa = PBXFileReference; fileEncoding = 4; lastKnownFileType = sourcecode.c.h; path = util_lib.h; sourceTree = "<group>"; };
		ABD769030A73CBDE006C27C1 /* SDL2.framework */ = {isa = PBXFileReference; lastKnownFileType = wrapper.framework; name = SDL2.framework; path = /Users/jonof/Library/Frameworks/SDL2.framework; sourceTree = "<absolute>"; };
		ABD769170A73CDF6006C27C1 /* StartupWinController.m */ = {isa = PBXFileReference; fileEncoding = 4; lastKnownFileType = sourcecode.c.objc; path = StartupWinController.m; sourceTree = "<group>"; };
		ABD769300A73CE6D006C27C1 /* AppKit.framework */ = {isa = PBXFileReference; lastKnownFileType = wrapper.framework; name = AppKit.framework; path = /System/Library/Frameworks/AppKit.framework; sourceTree = "<absolute>"; };
		ABD7695E0A73D116006C27C1 /* Build Editor for JFDuke3D.app */ = {isa = PBXFileReference; explicitFileType = wrapper.application; includeInIndex = 0; path = "Build Editor for JFDuke3D.app"; sourceTree = BUILT_PRODUCTS_DIR; };
		ABD769600A73D116006C27C1 /* Build Editor-Info.plist */ = {isa = PBXFileReference; lastKnownFileType = text.plist.xml; path = "Build Editor-Info.plist"; sourceTree = "<group>"; };
		ABD769700A73D164006C27C1 /* startwin.editor.nib */ = {isa = PBXFileReference; lastKnownFileType = wrapper.nib; path = startwin.editor.nib; sourceTree = "<group>"; };
		ABD769740A73D17A006C27C1 /* astub.c */ = {isa = PBXFileReference; fileEncoding = 4; lastKnownFileType = sourcecode.c.c; path = astub.c; sourceTree = "<group>"; };
		ABF3C30E10188C8C00233700 /* _functio.h */ = {isa = PBXFileReference; fileEncoding = 4; lastKnownFileType = sourcecode.c.h; path = _functio.h; sourceTree = "<group>"; };
		ABF3C30F10188C8C00233700 /* _rts.h */ = {isa = PBXFileReference; fileEncoding = 4; lastKnownFileType = sourcecode.c.h; path = _rts.h; sourceTree = "<group>"; };
		ABF3C31010188C8C00233700 /* config.h */ = {isa = PBXFileReference; fileEncoding = 4; lastKnownFileType = sourcecode.c.h; path = config.h; sourceTree = "<group>"; };
		ABF3C31110188C8C00233700 /* develop.h */ = {isa = PBXFileReference; fileEncoding = 4; lastKnownFileType = sourcecode.c.h; path = develop.h; sourceTree = "<group>"; };
		ABF3C31210188C8C00233700 /* duke3d.h */ = {isa = PBXFileReference; fileEncoding = 4; lastKnownFileType = sourcecode.c.h; path = duke3d.h; sourceTree = "<group>"; };
		ABF3C31310188C8C00233700 /* funct.h */ = {isa = PBXFileReference; fileEncoding = 4; lastKnownFileType = sourcecode.c.h; path = funct.h; sourceTree = "<group>"; };
		ABF3C31410188C8C00233700 /* function.h */ = {isa = PBXFileReference; fileEncoding = 4; lastKnownFileType = sourcecode.c.h; path = function.h; sourceTree = "<group>"; };
		ABF3C31510188C8C00233700 /* gamedefs.h */ = {isa = PBXFileReference; fileEncoding = 4; lastKnownFileType = sourcecode.c.h; path = gamedefs.h; sourceTree = "<group>"; };
		ABF3C31610188CA300233700 /* grpscan.h */ = {isa = PBXFileReference; fileEncoding = 4; lastKnownFileType = sourcecode.c.h; path = grpscan.h; sourceTree = "<group>"; };
		ABF3C31710188CA300233700 /* names.h */ = {isa = PBXFileReference; fileEncoding = 4; lastKnownFileType = sourcecode.c.h; path = names.h; sourceTree = "<group>"; };
		ABF3C31810188CA300233700 /* osdcmds.h */ = {isa = PBXFileReference; fileEncoding = 4; lastKnownFileType = sourcecode.c.h; path = osdcmds.h; sourceTree = "<group>"; };
		ABF3C31910188CA300233700 /* osdfuncs.h */ = {isa = PBXFileReference; fileEncoding = 4; lastKnownFileType = sourcecode.c.h; path = osdfuncs.h; sourceTree = "<group>"; };
		ABF3C31A10188CA300233700 /* rts.h */ = {isa = PBXFileReference; fileEncoding = 4; lastKnownFileType = sourcecode.c.h; path = rts.h; sourceTree = "<group>"; };
		ABF3C31B10188CA300233700 /* soundefs.h */ = {isa = PBXFileReference; fileEncoding = 4; lastKnownFileType = sourcecode.c.h; path = soundefs.h; sourceTree = "<group>"; };
		ABF3C31C10188CA300233700 /* sounds.h */ = {isa = PBXFileReference; fileEncoding = 4; lastKnownFileType = sourcecode.c.h; path = sounds.h; sourceTree = "<group>"; };
/* End PBXFileReference section */

/* Begin PBXFrameworksBuildPhase section */
		AB69BD030A73C21E00F3DCB8 /* Frameworks */ = {
			isa = PBXFrameworksBuildPhase;
			buildActionMask = 2147483647;
			files = (
				AB0FFB84172B989100400B2B /* libengine.a in Frameworks */,
				AB0FFB85172B98A400400B2B /* libjfaudiolib.a in Frameworks */,
				ABD769040A73CBDE006C27C1 /* SDL2.framework in Frameworks */,
				ABD769310A73CE6D006C27C1 /* AppKit.framework in Frameworks */,
				AB23F52017355B2B002B565F /* AudioToolbox.framework in Frameworks */,
				AB23F54517355B72002B565F /* AudioUnit.framework in Frameworks */,
			);
			runOnlyForDeploymentPostprocessing = 0;
		};
		ABD7695C0A73D116006C27C1 /* Frameworks */ = {
			isa = PBXFrameworksBuildPhase;
			buildActionMask = 2147483647;
			files = (
				AB0FFB8C172B98B500400B2B /* libengine.a in Frameworks */,
				AB0FFB8D172B98B500400B2B /* libeditor.a in Frameworks */,
				AB0FFB8E172B98B500400B2B /* libeditorsupp.a in Frameworks */,
				ABD76A1F0A73D1A5006C27C1 /* AppKit.framework in Frameworks */,
				ABD76A200A73D1A6006C27C1 /* SDL2.framework in Frameworks */,
			);
			runOnlyForDeploymentPostprocessing = 0;
		};
/* End PBXFrameworksBuildPhase section */

/* Begin PBXGroup section */
		AB0FFB52172B97FD00400B2B /* Products */ = {
			isa = PBXGroup;
			children = (
				AB0FFB57172B97FD00400B2B /* libjfaudiolib.a */,
				AB0FFB59172B97FD00400B2B /* test */,
			);
			name = Products;
			sourceTree = "<group>";
		};
		AB0FFB60172B981400400B2B /* Products */ = {
			isa = PBXGroup;
			children = (
				AB0FFB6A172B981400400B2B /* libengine.a */,
				AB0FFB6C172B981400400B2B /* libeditor.a */,
				AB0FFB6E172B981400400B2B /* libeditorsupp.a */,
				AB0FFB70172B981400400B2B /* arttool */,
				AB0FFB72172B981400400B2B /* kextract */,
				AB0FFB74172B981400400B2B /* kgroup */,
				AB98B2D41A69FC60009E8749 /* transpal */,
			);
			name = Products;
			sourceTree = "<group>";
		};
		AB69BCF30A73C1A800F3DCB8 = {
			isa = PBXGroup;
			children = (
				AB2EA0F21012147800DD2F1F /* jfaudiolib.xcodeproj */,
				AB69BD500A73C45700F3DCB8 /* engine.xcodeproj */,
				AB69BD000A73C1F700F3DCB8 /* Editor */,
				AB69BCFF0A73C1F100F3DCB8 /* Game */,
				AB69BD060A73C21E00F3DCB8 /* Products */,
				ABD769020A73CBC0006C27C1 /* Linked Frameworks */,
			);
			sourceTree = "<group>";
		};
		AB69BCFE0A73C1B200F3DCB8 /* src */ = {
			isa = PBXGroup;
			children = (
				ABF3C30E10188C8C00233700 /* _functio.h */,
				ABF3C30F10188C8C00233700 /* _rts.h */,
				AB69BD120A73C36100F3DCB8 /* actors.c */,
				AB69BD130A73C36100F3DCB8 /* config.c */,
				ABF3C31010188C8C00233700 /* config.h */,
				ABF3C31110188C8C00233700 /* develop.h */,
				ABF3C31210188C8C00233700 /* duke3d.h */,
				ABF3C31310188C8C00233700 /* funct.h */,
				ABF3C31410188C8C00233700 /* function.h */,
				AB69BD140A73C36100F3DCB8 /* game.c */,
				AB69BD150A73C36100F3DCB8 /* gamedef.c */,
				ABF3C31510188C8C00233700 /* gamedefs.h */,
				AB69BD160A73C36100F3DCB8 /* global.c */,
				AB69BD170A73C36100F3DCB8 /* grpscan.c */,
				ABF3C31610188CA300233700 /* grpscan.h */,
				AB69BD190A73C36100F3DCB8 /* menues.c */,
				ABF3C31710188CA300233700 /* names.h */,
				AB69BD1A0A73C36100F3DCB8 /* osdcmds.c */,
				ABF3C31810188CA300233700 /* osdcmds.h */,
				AB69BD1B0A73C36100F3DCB8 /* osdfuncs.c */,
				ABF3C31910188CA300233700 /* osdfuncs.h */,
				AB69BD1C0A73C36100F3DCB8 /* player.c */,
				AB69BD1D0A73C36100F3DCB8 /* premap.c */,
				AB69BD1E0A73C36100F3DCB8 /* rts.c */,
				ABF3C31A10188CA300233700 /* rts.h */,
				AB69BD1F0A73C36100F3DCB8 /* sector.c */,
				ABF3C31B10188CA300233700 /* soundefs.h */,
				AB2EA108101215AE00DD2F1F /* sounds.c */,
				ABF3C31C10188CA300233700 /* sounds.h */,
				AB1DE7F410199FD200657779 /* GameListSource.h */,
				AB1DE7F510199FD200657779 /* GameListSource.m */,
				ABD769170A73CDF6006C27C1 /* StartupWinController.m */,
			);
			name = src;
			path = ../src;
			sourceTree = "<group>";
		};
		AB69BCFF0A73C1F100F3DCB8 /* Game */ = {
			isa = PBXGroup;
			children = (
				ABD768D70A73CB4D006C27C1 /* jfmact */,
				AB69BCFE0A73C1B200F3DCB8 /* src */,
				AB69BD450A73C41B00F3DCB8 /* xcode */,
			);
			name = Game;
			sourceTree = "<group>";
		};
		AB69BD000A73C1F700F3DCB8 /* Editor */ = {
			isa = PBXGroup;
			children = (
				ABD7696B0A73D135006C27C1 /* src */,
				ABD7696C0A73D13B006C27C1 /* xcode */,
			);
			name = Editor;
			sourceTree = "<group>";
		};
		AB69BD060A73C21E00F3DCB8 /* Products */ = {
			isa = PBXGroup;
			children = (
				AB69BD050A73C21E00F3DCB8 /* JFDuke3D.app */,
				ABD7695E0A73D116006C27C1 /* Build Editor for JFDuke3D.app */,
			);
			name = Products;
			sourceTree = "<group>";
		};
		AB69BD450A73C41B00F3DCB8 /* xcode */ = {
			isa = PBXGroup;
			children = (
				AB69BD080A73C21E00F3DCB8 /* JFDuke3D-Info.plist */,
				AB69BD340A73C3EC00F3DCB8 /* startwin.game.nib */,
				AB7AF6141BE46EDC00935B15 /* Images.xcassets */,
			);
			name = xcode;
			sourceTree = "<group>";
		};
		ABD768D70A73CB4D006C27C1 /* jfmact */ = {
			isa = PBXGroup;
			children = (
				ABD768D80A73CB63006C27C1 /* _control.h */,
				ABD768D90A73CB63006C27C1 /* _scrplib.h */,
				ABD768DA0A73CB63006C27C1 /* animlib.c */,
				ABD768DB0A73CB63006C27C1 /* animlib.h */,
				ABD768DC0A73CB63006C27C1 /* control.c */,
				ABD768DD0A73CB63006C27C1 /* control.h */,
				ABD768DE0A73CB63006C27C1 /* develop.h */,
				ABD768DF0A73CB63006C27C1 /* file_lib.c */,
				ABD768E00A73CB63006C27C1 /* file_lib.h */,
				ABD768E10A73CB63006C27C1 /* keyboard.c */,
				ABD768E20A73CB63006C27C1 /* keyboard.h */,
				ABD768E30A73CB63006C27C1 /* mathutil.c */,
				ABD768E40A73CB63006C27C1 /* mathutil.h */,
				ABD768E50A73CB63006C27C1 /* mouse.c */,
				ABD768E60A73CB63006C27C1 /* mouse.h */,
				ABD768E70A73CB63006C27C1 /* scriplib.c */,
				ABD768E80A73CB63006C27C1 /* scriplib.h */,
				ABD768E90A73CB63006C27C1 /* types.h */,
				ABD768EA0A73CB63006C27C1 /* util_lib.c */,
				ABD768EB0A73CB63006C27C1 /* util_lib.h */,
			);
			name = jfmact;
			path = ../jfmact;
			sourceTree = "<group>";
		};
		ABD769020A73CBC0006C27C1 /* Linked Frameworks */ = {
			isa = PBXGroup;
			children = (
				AB2EA11F1012195E00DD2F1F /* AudioUnit.framework */,
				AB23F51F17355B2B002B565F /* AudioToolbox.framework */,
				ABD769300A73CE6D006C27C1 /* AppKit.framework */,
				ABD769030A73CBDE006C27C1 /* SDL2.framework */,
			);
			name = "Linked Frameworks";
			sourceTree = "<group>";
		};
		ABD7696B0A73D135006C27C1 /* src */ = {
			isa = PBXGroup;
			children = (
				ABD769740A73D17A006C27C1 /* astub.c */,
			);
			name = src;
			path = ../src;
			sourceTree = "<group>";
		};
		ABD7696C0A73D13B006C27C1 /* xcode */ = {
			isa = PBXGroup;
			children = (
				ABD769600A73D116006C27C1 /* Build Editor-Info.plist */,
				ABD769700A73D164006C27C1 /* startwin.editor.nib */,
			);
			name = xcode;
			sourceTree = "<group>";
		};
/* End PBXGroup section */

/* Begin PBXNativeTarget section */
		AB69BD040A73C21E00F3DCB8 /* JFDuke3D */ = {
			isa = PBXNativeTarget;
			buildConfigurationList = AB69BD0C0A73C30600F3DCB8 /* Build configuration list for PBXNativeTarget "JFDuke3D" */;
			buildPhases = (
				AB69BD010A73C21E00F3DCB8 /* Resources */,
				AB69BD020A73C21E00F3DCB8 /* Sources */,
				AB69BD030A73C21E00F3DCB8 /* Frameworks */,
				ABD7692C0A73CE49006C27C1 /* CopyFiles */,
			);
			buildRules = (
			);
			dependencies = (
				AB0FFB79172B984C00400B2B /* PBXTargetDependency */,
				AB0FFB7B172B984C00400B2B /* PBXTargetDependency */,
			);
			name = JFDuke3D;
			productName = JFDuke3D;
			productReference = AB69BD050A73C21E00F3DCB8 /* JFDuke3D.app */;
			productType = "com.apple.product-type.application";
		};
		ABD7695D0A73D116006C27C1 /* Build Editor for JFDuke3D */ = {
			isa = PBXNativeTarget;
			buildConfigurationList = ABD769610A73D117006C27C1 /* Build configuration list for PBXNativeTarget "Build Editor for JFDuke3D" */;
			buildPhases = (
				ABD7695A0A73D116006C27C1 /* Resources */,
				ABD7695B0A73D116006C27C1 /* Sources */,
				ABD7695C0A73D116006C27C1 /* Frameworks */,
				ABB4AAD50C64BDC000F28920 /* CopyFiles */,
			);
			buildRules = (
			);
			dependencies = (
				AB0FFB87172B98AD00400B2B /* PBXTargetDependency */,
				AB0FFB89172B98AD00400B2B /* PBXTargetDependency */,
				AB0FFB8B172B98AD00400B2B /* PBXTargetDependency */,
			);
			name = "Build Editor for JFDuke3D";
			productName = "Build Editor";
			productReference = ABD7695E0A73D116006C27C1 /* Build Editor for JFDuke3D.app */;
			productType = "com.apple.product-type.application";
		};
/* End PBXNativeTarget section */

/* Begin PBXProject section */
		AB69BCF50A73C1A800F3DCB8 /* Project object */ = {
			isa = PBXProject;
			attributes = {
				LastUpgradeCheck = 0610;
				TargetAttributes = {
					AB69BD040A73C21E00F3DCB8 = {
						DevelopmentTeam = S7U4E54CHC;
					};
					AB98B2D61A69FD42009E8749 = {
						CreatedOnToolsVersion = 6.1.1;
						DevelopmentTeam = S7U4E54CHC;
					};
					ABD7695D0A73D116006C27C1 = {
						DevelopmentTeam = S7U4E54CHC;
					};
				};
			};
			buildConfigurationList = AB69BCF60A73C1A800F3DCB8 /* Build configuration list for PBXProject "duke3d" */;
			compatibilityVersion = "Xcode 3.2";
			developmentRegion = English;
			hasScannedForEncodings = 0;
			knownRegions = (
				English,
				Japanese,
				French,
				German,
			);
			mainGroup = AB69BCF30A73C1A800F3DCB8;
			productRefGroup = AB69BD060A73C21E00F3DCB8 /* Products */;
			projectDirPath = "";
			projectReferences = (
				{
					ProductGroup = AB0FFB60172B981400400B2B /* Products */;
					ProjectRef = AB69BD500A73C45700F3DCB8 /* engine.xcodeproj */;
				},
				{
					ProductGroup = AB0FFB52172B97FD00400B2B /* Products */;
					ProjectRef = AB2EA0F21012147800DD2F1F /* jfaudiolib.xcodeproj */;
				},
			);
			projectRoot = "";
			targets = (
				AB98B2D61A69FD42009E8749 /* all */,
				AB69BD040A73C21E00F3DCB8 /* JFDuke3D */,
				ABD7695D0A73D116006C27C1 /* Build Editor for JFDuke3D */,
			);
		};
/* End PBXProject section */

/* Begin PBXReferenceProxy section */
		AB0FFB57172B97FD00400B2B /* libjfaudiolib.a */ = {
			isa = PBXReferenceProxy;
			fileType = archive.ar;
			path = libjfaudiolib.a;
			remoteRef = AB0FFB56172B97FD00400B2B /* PBXContainerItemProxy */;
			sourceTree = BUILT_PRODUCTS_DIR;
		};
		AB0FFB59172B97FD00400B2B /* test */ = {
			isa = PBXReferenceProxy;
			fileType = "compiled.mach-o.executable";
			path = test;
			remoteRef = AB0FFB58172B97FD00400B2B /* PBXContainerItemProxy */;
			sourceTree = BUILT_PRODUCTS_DIR;
		};
		AB0FFB6A172B981400400B2B /* libengine.a */ = {
			isa = PBXReferenceProxy;
			fileType = archive.ar;
			path = libengine.a;
			remoteRef = AB0FFB69172B981400400B2B /* PBXContainerItemProxy */;
			sourceTree = BUILT_PRODUCTS_DIR;
		};
		AB0FFB6C172B981400400B2B /* libeditor.a */ = {
			isa = PBXReferenceProxy;
			fileType = archive.ar;
			path = libeditor.a;
			remoteRef = AB0FFB6B172B981400400B2B /* PBXContainerItemProxy */;
			sourceTree = BUILT_PRODUCTS_DIR;
		};
		AB0FFB6E172B981400400B2B /* libeditorsupp.a */ = {
			isa = PBXReferenceProxy;
			fileType = archive.ar;
			path = libeditorsupp.a;
			remoteRef = AB0FFB6D172B981400400B2B /* PBXContainerItemProxy */;
			sourceTree = BUILT_PRODUCTS_DIR;
		};
		AB0FFB70172B981400400B2B /* arttool */ = {
			isa = PBXReferenceProxy;
			fileType = "compiled.mach-o.executable";
			path = arttool;
			remoteRef = AB0FFB6F172B981400400B2B /* PBXContainerItemProxy */;
			sourceTree = BUILT_PRODUCTS_DIR;
		};
		AB0FFB72172B981400400B2B /* kextract */ = {
			isa = PBXReferenceProxy;
			fileType = "compiled.mach-o.executable";
			path = kextract;
			remoteRef = AB0FFB71172B981400400B2B /* PBXContainerItemProxy */;
			sourceTree = BUILT_PRODUCTS_DIR;
		};
		AB0FFB74172B981400400B2B /* kgroup */ = {
			isa = PBXReferenceProxy;
			fileType = "compiled.mach-o.executable";
			path = kgroup;
			remoteRef = AB0FFB73172B981400400B2B /* PBXContainerItemProxy */;
			sourceTree = BUILT_PRODUCTS_DIR;
		};
		AB98B2D41A69FC60009E8749 /* transpal */ = {
			isa = PBXReferenceProxy;
			fileType = "compiled.mach-o.executable";
			path = transpal;
			remoteRef = AB98B2D31A69FC60009E8749 /* PBXContainerItemProxy */;
			sourceTree = BUILT_PRODUCTS_DIR;
		};
/* End PBXReferenceProxy section */

/* Begin PBXResourcesBuildPhase section */
		AB69BD010A73C21E00F3DCB8 /* Resources */ = {
			isa = PBXResourcesBuildPhase;
			buildActionMask = 2147483647;
			files = (
				AB7AF6151BE46EDC00935B15 /* Images.xcassets in Resources */,
				AB69BD370A73C3EC00F3DCB8 /* startwin.game.nib in Resources */,
			);
			runOnlyForDeploymentPostprocessing = 0;
		};
		ABD7695A0A73D116006C27C1 /* Resources */ = {
			isa = PBXResourcesBuildPhase;
			buildActionMask = 2147483647;
			files = (
				AB30FFF81BE47EBF00FACA0E /* Images.xcassets in Resources */,
				ABD769730A73D164006C27C1 /* startwin.editor.nib in Resources */,
			);
			runOnlyForDeploymentPostprocessing = 0;
		};
/* End PBXResourcesBuildPhase section */

/* Begin PBXSourcesBuildPhase section */
		AB69BD020A73C21E00F3DCB8 /* Sources */ = {
			isa = PBXSourcesBuildPhase;
			buildActionMask = 2147483647;
			files = (
				AB69BD220A73C36100F3DCB8 /* actors.c in Sources */,
				AB69BD230A73C36100F3DCB8 /* config.c in Sources */,
				AB69BD240A73C36100F3DCB8 /* game.c in Sources */,
				AB69BD250A73C36100F3DCB8 /* gamedef.c in Sources */,
				AB69BD260A73C36100F3DCB8 /* global.c in Sources */,
				AB69BD270A73C36100F3DCB8 /* grpscan.c in Sources */,
				AB69BD290A73C36100F3DCB8 /* menues.c in Sources */,
				AB69BD2A0A73C36100F3DCB8 /* osdcmds.c in Sources */,
				AB69BD2B0A73C36100F3DCB8 /* osdfuncs.c in Sources */,
				AB69BD2C0A73C36100F3DCB8 /* player.c in Sources */,
				AB69BD2D0A73C36100F3DCB8 /* premap.c in Sources */,
				AB69BD2E0A73C36100F3DCB8 /* rts.c in Sources */,
				AB69BD2F0A73C36100F3DCB8 /* sector.c in Sources */,
				ABD768EC0A73CB63006C27C1 /* animlib.c in Sources */,
				ABD768ED0A73CB63006C27C1 /* control.c in Sources */,
				ABD768EE0A73CB63006C27C1 /* file_lib.c in Sources */,
				ABD768EF0A73CB63006C27C1 /* keyboard.c in Sources */,
				ABD768F00A73CB63006C27C1 /* mathutil.c in Sources */,
				ABD768F10A73CB63006C27C1 /* mouse.c in Sources */,
				ABD768F20A73CB63006C27C1 /* scriplib.c in Sources */,
				ABD768F30A73CB63006C27C1 /* util_lib.c in Sources */,
				ABD769180A73CDF6006C27C1 /* StartupWinController.m in Sources */,
				AB2EA109101215AE00DD2F1F /* sounds.c in Sources */,
				AB1DE7F610199FD200657779 /* GameListSource.m in Sources */,
			);
			runOnlyForDeploymentPostprocessing = 0;
		};
		ABD7695B0A73D116006C27C1 /* Sources */ = {
			isa = PBXSourcesBuildPhase;
			buildActionMask = 2147483647;
			files = (
				ABD769750A73D17A006C27C1 /* astub.c in Sources */,
			);
			runOnlyForDeploymentPostprocessing = 0;
		};
/* End PBXSourcesBuildPhase section */

/* Begin PBXTargetDependency section */
		AB0FFB79172B984C00400B2B /* PBXTargetDependency */ = {
			isa = PBXTargetDependency;
			name = engine;
			targetProxy = AB0FFB78172B984C00400B2B /* PBXContainerItemProxy */;
		};
		AB0FFB7B172B984C00400B2B /* PBXTargetDependency */ = {
			isa = PBXTargetDependency;
			name = jfaudiolib;
			targetProxy = AB0FFB7A172B984C00400B2B /* PBXContainerItemProxy */;
		};
		AB0FFB87172B98AD00400B2B /* PBXTargetDependency */ = {
			isa = PBXTargetDependency;
			name = engine;
			targetProxy = AB0FFB86172B98AD00400B2B /* PBXContainerItemProxy */;
		};
		AB0FFB89172B98AD00400B2B /* PBXTargetDependency */ = {
			isa = PBXTargetDependency;
			name = editor;
			targetProxy = AB0FFB88172B98AD00400B2B /* PBXContainerItemProxy */;
		};
		AB0FFB8B172B98AD00400B2B /* PBXTargetDependency */ = {
			isa = PBXTargetDependency;
			name = editorsupp;
			targetProxy = AB0FFB8A172B98AD00400B2B /* PBXContainerItemProxy */;
		};
		AB98B2DB1A69FD68009E8749 /* PBXTargetDependency */ = {
			isa = PBXTargetDependency;
			target = AB69BD040A73C21E00F3DCB8 /* JFDuke3D */;
			targetProxy = AB98B2DA1A69FD68009E8749 /* PBXContainerItemProxy */;
		};
		AB98B2DD1A69FD68009E8749 /* PBXTargetDependency */ = {
			isa = PBXTargetDependency;
			target = ABD7695D0A73D116006C27C1 /* Build Editor for JFDuke3D */;
			targetProxy = AB98B2DC1A69FD68009E8749 /* PBXContainerItemProxy */;
		};
/* End PBXTargetDependency section */

/* Begin XCBuildConfiguration section */
		AB69BCF70A73C1A800F3DCB8 /* Debug */ = {
			isa = XCBuildConfiguration;
			buildSettings = {
				ARCHS = "$(ARCHS_STANDARD)";
				CODE_SIGN_IDENTITY = "Mac Developer";
				COPY_PHASE_STRIP = NO;
				DEVELOPMENT_TEAM = S7U4E54CHC;
				FRAMEWORK_SEARCH_PATHS = (
					"../jfaudiolib/third-party",
					"$(HOME)/Library/Frameworks",
				);
				GCC_CHAR_IS_UNSIGNED_CHAR = NO;
				GCC_ENABLE_CPP_EXCEPTIONS = NO;
				GCC_ENABLE_CPP_RTTI = NO;
				GCC_OPTIMIZATION_LEVEL = 0;
				GCC_PREPROCESSOR_DEFINITIONS = (
					SUPERBUILD,
					POLYMOST,
					USE_OPENGL,
					DYNAMIC_OPENGL,
					USE_A_C,
					NOASM,
					RENDERTYPESDL,
				);
				HEADER_SEARCH_PATHS = (
					../src,
					../jfbuild/include,
					../jfaudiolib/include,
				);
				MACOSX_DEPLOYMENT_TARGET = 10.8;
				WARNING_CFLAGS = (
					"-W",
					"-Wall",
					"-Wno-unused-variable",
				);
			};
			name = Debug;
		};
		AB69BCF80A73C1A800F3DCB8 /* Release */ = {
			isa = XCBuildConfiguration;
			buildSettings = {
				ARCHS = "$(ARCHS_STANDARD)";
				CODE_SIGN_IDENTITY = "Mac Developer";
				COPY_PHASE_STRIP = YES;
				DEVELOPMENT_TEAM = S7U4E54CHC;
				FRAMEWORK_SEARCH_PATHS = (
					"../jfaudiolib/third-party",
					"$(HOME)/Library/Frameworks",
				);
				GCC_CHAR_IS_UNSIGNED_CHAR = NO;
				GCC_ENABLE_CPP_EXCEPTIONS = NO;
				GCC_ENABLE_CPP_RTTI = NO;
				GCC_PREPROCESSOR_DEFINITIONS = (
					SUPERBUILD,
					POLYMOST,
					USE_OPENGL,
					DYNAMIC_OPENGL,
					USE_A_C,
					NOASM,
					RENDERTYPESDL,
				);
				HEADER_SEARCH_PATHS = (
					../src,
					../jfbuild/include,
					../jfaudiolib/include,
				);
				MACOSX_DEPLOYMENT_TARGET = 10.8;
				WARNING_CFLAGS = (
					"-W",
					"-Wall",
					"-Wno-unused-variable",
				);
			};
			name = Release;
		};
		AB69BD0D0A73C30600F3DCB8 /* Debug */ = {
			isa = XCBuildConfiguration;
			buildSettings = {
				ASSETCATALOG_COMPILER_APPICON_NAME = AppIcon;
				COMBINE_HIDPI_IMAGES = YES;
				INFOPLIST_FILE = "JFDuke3D-Info.plist";
				LD_RUNPATH_SEARCH_PATHS = "@loader_path/../Frameworks";
				OTHER_LDFLAGS = "-lstdc++";
				PRODUCT_NAME = JFDuke3D;
				WRAPPER_EXTENSION = app;
			};
			name = Debug;
		};
		AB69BD0E0A73C30600F3DCB8 /* Release */ = {
			isa = XCBuildConfiguration;
			buildSettings = {
				ASSETCATALOG_COMPILER_APPICON_NAME = AppIcon;
				COMBINE_HIDPI_IMAGES = YES;
				INFOPLIST_FILE = "JFDuke3D-Info.plist";
				LD_RUNPATH_SEARCH_PATHS = "@loader_path/../Frameworks";
				OTHER_LDFLAGS = "-lstdc++";
				PRODUCT_NAME = JFDuke3D;
				WRAPPER_EXTENSION = app;
			};
			name = Release;
		};
		AB98B2D81A69FD42009E8749 /* Debug */ = {
			isa = XCBuildConfiguration;
			buildSettings = {
				PRODUCT_NAME = "$(TARGET_NAME)";
			};
			name = Debug;
		};
		AB98B2D91A69FD42009E8749 /* Release */ = {
			isa = XCBuildConfiguration;
			buildSettings = {
				PRODUCT_NAME = "$(TARGET_NAME)";
			};
			name = Release;
		};
		ABD769620A73D117006C27C1 /* Debug */ = {
			isa = XCBuildConfiguration;
			buildSettings = {
				ASSETCATALOG_COMPILER_APPICON_NAME = EditorAppIcon;
				COMBINE_HIDPI_IMAGES = YES;
				INFOPLIST_FILE = "Build Editor-Info.plist";
				OTHER_LDFLAGS = "-lstdc++";
				PRODUCT_NAME = "Build Editor for JFDuke3D";
				WRAPPER_EXTENSION = app;
			};
			name = Debug;
		};
		ABD769630A73D117006C27C1 /* Release */ = {
			isa = XCBuildConfiguration;
			buildSettings = {
				ASSETCATALOG_COMPILER_APPICON_NAME = EditorAppIcon;
				COMBINE_HIDPI_IMAGES = YES;
				INFOPLIST_FILE = "Build Editor-Info.plist";
				OTHER_LDFLAGS = "-lstdc++";
				PRODUCT_NAME = "Build Editor for JFDuke3D";
				WRAPPER_EXTENSION = app;
			};
			name = Release;
		};
/* End XCBuildConfiguration section */

/* Begin XCConfigurationList section */
		AB69BCF60A73C1A800F3DCB8 /* Build configuration list for PBXProject "duke3d" */ = {
			isa = XCConfigurationList;
			buildConfigurations = (
				AB69BCF70A73C1A800F3DCB8 /* Debug */,
				AB69BCF80A73C1A800F3DCB8 /* Release */,
			);
			defaultConfigurationIsVisible = 0;
			defaultConfigurationName = Release;
		};
		AB69BD0C0A73C30600F3DCB8 /* Build configuration list for PBXNativeTarget "JFDuke3D" */ = {
			isa = XCConfigurationList;
			buildConfigurations = (
				AB69BD0D0A73C30600F3DCB8 /* Debug */,
				AB69BD0E0A73C30600F3DCB8 /* Release */,
			);
			defaultConfigurationIsVisible = 0;
			defaultConfigurationName = Release;
		};
		AB98B2D71A69FD42009E8749 /* Build configuration list for PBXAggregateTarget "all" */ = {
			isa = XCConfigurationList;
			buildConfigurations = (
				AB98B2D81A69FD42009E8749 /* Debug */,
				AB98B2D91A69FD42009E8749 /* Release */,
			);
			defaultConfigurationIsVisible = 0;
			defaultConfigurationName = Release;
		};
		ABD769610A73D117006C27C1 /* Build configuration list for PBXNativeTarget "Build Editor for JFDuke3D" */ = {
			isa = XCConfigurationList;
			buildConfigurations = (
				ABD769620A73D117006C27C1 /* Debug */,
				ABD769630A73D117006C27C1 /* Release */,
			);
			defaultConfigurationIsVisible = 0;
			defaultConfigurationName = Release;
		};
/* End XCConfigurationList section */
	};
	rootObject = AB69BCF50A73C1A800F3DCB8 /* Project object */;
}
